
Microsoft Visual Studio Solution File, Format Version 12.00
# Visual Studio Version 16
VisualStudioVersion = 16.0.30907.101
MinimumVisualStudioVersion = 10.0.40219.1
Project("{9A19103F-16F7-4668-BE54-9A1E7A4F7556}") = "KAMPINTROYENI", "KAMPINTROYENI\KAMPINTROYENI.csproj", "{218444AD-798E-4A54-8858-9FDEC9A1C05E}"
EndProject
Project("{9A19103F-16F7-4668-BE54-9A1E7A4F7556}") = "donguler", "donguler\donguler.csproj", "{60A7436D-09D2-4034-A630-F398B7FFC55F}"
EndProject
Project("{9A19103F-16F7-4668-BE54-9A1E7A4F7556}") = "ClassIntro", "ClassIntro\ClassIntro.csproj", "{C5B10ED7-35D1-4990-87F8-DBD44D3DCAD0}"
EndProject
Project("{FAE04EC0-301F-11D3-BF4B-00C04F79EFBC}") = "Metotlar", "Metotlar\Metotlar.csproj", "{B993E6C5-20F6-4279-B80F-26137F3FC4E2}"
EndProject
Project("{FAE04EC0-301F-11D3-BF4B-00C04F79EFBC}") = "Matematik", "Matematik\Matematik.csproj", "{1DFDFAF4-C9AF-4A54-8DEF-377B4B547C28}"
EndProject
Project("{FAE04EC0-301F-11D3-BF4B-00C04F79EFBC}") = "DegerveReferansTipler", "DegerveReferansTipler\DegerveReferansTipler.csproj", "{A66FF385-8D76-46CE-BCB1-1E257E482407}"
EndProject
Global
	GlobalSection(SolutionConfigurationPlatforms) = preSolution
		Debug|Any CPU = Debug|Any CPU
		Release|Any CPU = Release|Any CPU
	EndGlobalSection
	GlobalSection(ProjectConfigurationPlatforms) = postSolution
		{218444AD-798E-4A54-8858-9FDEC9A1C05E}.Debug|Any CPU.ActiveCfg = Debug|Any CPU
		{218444AD-798E-4A54-8858-9FDEC9A1C05E}.Debug|Any CPU.Build.0 = Debug|Any CPU
		{218444AD-798E-4A54-8858-9FDEC9A1C05E}.Release|Any CPU.ActiveCfg = Release|Any CPU
		{218444AD-798E-4A54-8858-9FDEC9A1C05E}.Release|Any CPU.Build.0 = Release|Any CPU
		{60A7436D-09D2-4034-A630-F398B7FFC55F}.Debug|Any CPU.ActiveCfg = Debug|Any CPU
		{60A7436D-09D2-4034-A630-F398B7FFC55F}.Debug|Any CPU.Build.0 = Debug|Any CPU
		{60A7436D-09D2-4034-A630-F398B7FFC55F}.Release|Any CPU.ActiveCfg = Release|Any CPU
		{60A7436D-09D2-4034-A630-F398B7FFC55F}.Release|Any CPU.Build.0 = Release|Any CPU
		{C5B10ED7-35D1-4990-87F8-DBD44D3DCAD0}.Debug|Any CPU.ActiveCfg = Debug|Any CPU
		{C5B10ED7-35D1-4990-87F8-DBD44D3DCAD0}.Debug|Any CPU.Build.0 = Debug|Any CPU
		{C5B10ED7-35D1-4990-87F8-DBD44D3DCAD0}.Release|Any CPU.ActiveCfg = Release|Any CPU
		{C5B10ED7-35D1-4990-87F8-DBD44D3DCAD0}.Release|Any CPU.Build.0 = Release|Any CPU
		{B993E6C5-20F6-4279-B80F-26137F3FC4E2}.Debug|Any CPU.ActiveCfg = Debug|Any CPU
		{B993E6C5-20F6-4279-B80F-26137F3FC4E2}.Debug|Any CPU.Build.0 = Debug|Any CPU
		{B993E6C5-20F6-4279-B80F-26137F3FC4E2}.Release|Any CPU.ActiveCfg = Release|Any CPU
		{B993E6C5-20F6-4279-B80F-26137F3FC4E2}.Release|Any CPU.Build.0 = Release|Any CPU
		{1DFDFAF4-C9AF-4A54-8DEF-377B4B547C28}.Debug|Any CPU.ActiveCfg = Debug|Any CPU
		{1DFDFAF4-C9AF-4A54-8DEF-377B4B547C28}.Debug|Any CPU.Build.0 = Debug|Any CPU
		{1DFDFAF4-C9AF-4A54-8DEF-377B4B547C28}.Release|Any CPU.ActiveCfg = Release|Any CPU
		{1DFDFAF4-C9AF-4A54-8DEF-377B4B547C28}.Release|Any CPU.Build.0 = Release|Any CPU
		{A66FF385-8D76-46CE-BCB1-1E257E482407}.Debug|Any CPU.ActiveCfg = Debug|Any CPU
		{A66FF385-8D76-46CE-BCB1-1E257E482407}.Debug|Any CPU.Build.0 = Debug|Any CPU
		{A66FF385-8D76-46CE-BCB1-1E257E482407}.Release|Any CPU.ActiveCfg = Release|Any CPU
		{A66FF385-8D76-46CE-BCB1-1E257E482407}.Release|Any CPU.Build.0 = Release|Any CPU
	EndGlobalSection
	GlobalSection(SolutionProperties) = preSolution
		HideSolutionNode = FALSE
	EndGlobalSection
	GlobalSection(ExtensibilityGlobals) = postSolution
		SolutionGuid = {D5B99E58-B73B-4E59-BF20-FB5C30202AB3}
	EndGlobalSection
EndGlobal
